<?xml version="1.0" encoding="utf-8"?>
<Project ToolsVersion="4.0" xmlns="http://schemas.microsoft.com/developer/msbuild/2003">
  <ItemGroup>
    <Filter Include="源文件">
      <UniqueIdentifier>{4FC737F1-C7A5-4376-A066-2A32D752A2FF}</UniqueIdentifier>
      <Extensions>cpp;c;cc;cxx;c++;cppm;ixx;def;odl;idl;hpj;bat;asm;asmx</Extensions>
    </Filter>
    <Filter Include="头文件">
      <UniqueIdentifier>{93995380-89BD-4b04-88EB-625FBE52EBFB}</UniqueIdentifier>
      <Extensions>h;hh;hpp;hxx;h++;hm;inl;inc;ipp;xsd</Extensions>
    </Filter>
    <Filter Include="资源文件">
      <UniqueIdentifier>{67DA6AB6-F800-4c08-8B7A-83BB121AAD01}</UniqueIdentifier>
      <Extensions>rc;ico;cur;bmp;dlg;rc2;rct;bin;rgs;gif;jpg;jpeg;jpe;resx;tiff;tif;png;wav;mfcribbon-ms</Extensions>
    </Filter>
    <Filter Include="源文件\Processor">
      <UniqueIdentifier>{e3a8bed2-799a-4e30-8854-d6bcfce4b5f1}</UniqueIdentifier>
    </Filter>
    <Filter Include="头文件\Processor">
      <UniqueIdentifier>{af22d0d1-fdc0-4a2e-a204-c0f3269694a4}</UniqueIdentifier>
    </Filter>
  </ItemGroup>
  <ItemGroup>
    <ClCompile Include="NotLinearEquationSolver.cpp">
      <Filter>源文件</Filter>
    </ClCompile>
    <ClCompile Include="Processor.cpp">
      <Filter>源文件\Processor</Filter>
    </ClCompile>
    <ClCompile Include="ProcessorAdd.cpp">
      <Filter>源文件\Processor</Filter>
    </ClCompile>
    <ClCompile Include="ProcessorSubtract.cpp">
      <Filter>源文件\Processor</Filter>
    </ClCompile>
    <ClCompile Include="ProcessorMutilply.cpp">
      <Filter>源文件\Processor</Filter>
    </ClCompile>
    <ClCompile Include="ProcessorDivide.cpp">
      <Filter>源文件\Processor</Filter>
    </ClCompile>
    <ClCompile Include="EquationHandler.cpp">
      <Filter>源文件</Filter>
    </ClCompile>
    <ClCompile Include="ProcessorPow.cpp">
      <Filter>源文件\Processor</Filter>
    </ClCompile>
    <ClCompile Include="Utils.cpp">
      <Filter>源文件</Filter>
    </ClCompile>
    <ClCompile Include="ProcessorSin.cpp">
      <Filter>源文件\Processor</Filter>
    </ClCompile>
    <ClCompile Include="ProcessorCos.cpp">
      <Filter>源文件\Processor</Filter>
    </ClCompile>
    <ClCompile Include="ProcessorTan.cpp">
      <Filter>源文件\Processor</Filter>
    </ClCompile>
  </ItemGroup>
  <ItemGroup>
    <ClInclude Include="Processor.h">
      <Filter>头文件\Processor</Filter>
    </ClInclude>
    <ClInclude Include="ProcessorAdd.h">
      <Filter>头文件\Processor</Filter>
    </ClInclude>
    <ClInclude Include="ProcessorSubtract.h">
      <Filter>头文件\Processor</Filter>
    </ClInclude>
    <ClInclude Include="ProcessorMutilply.h">
      <Filter>头文件\Processor</Filter>
    </ClInclude>
    <ClInclude Include="ProcessorDivide.h">
      <Filter>头文件\Processor</Filter>
    </ClInclude>
    <ClInclude Include="EquationHandler.h">
      <Filter>头文件</Filter>
    </ClInclude>
    <ClInclude Include="NotLinearEquationSolver.h">
      <Filter>头文件</Filter>
    </ClInclude>
    <ClInclude Include="ProcessorPow.h">
      <Filter>头文件\Processor</Filter>
    </ClInclude>
    <ClInclude Include="Utils.h">
      <Filter>头文件</Filter>
    </ClInclude>
    <ClInclude Include="ProcessorSin.h">
      <Filter>头文件\Processor</Filter>
    </ClInclude>
    <ClInclude Include="ProcessorCos.h">
      <Filter>头文件\Processor</Filter>
    </ClInclude>
    <ClInclude Include="ProcessorTan.h">
      <Filter>头文件\Processor</Filter>
    </ClInclude>
    <ClInclude Include="resource.h">
      <Filter>头文件</Filter>
    </ClInclude>
    <ClInclude Include="resource1.h">
      <Filter>头文件</Filter>
    </ClInclude>
  </ItemGroup>
  <ItemGroup>
    <ResourceCompile Include="NotLinearEquationSolver.rc">
      <Filter>资源文件</Filter>
    </ResourceCompile>
  </ItemGroup>
  <ItemGroup>
    <Image Include="D:\Desktop\QQ截图20211121035751.ico">
      <Filter>资源文件</Filter>
    </Image>
  </ItemGroup>
</Project>